// !$*UTF8*$!
{
	archiveVersion = 1;
	classes = {
	};
	objectVersion = 56;
	objects = {

/* Begin PBXBuildFile section */
		6CC9AEFB2CE2AC6000AFF7A7 /* HackUTD_SpaceXLaunchesApp.swift in Sources */ = {isa = PBXBuildFile; fileRef = 6CC9AEFA2CE2AC6000AFF7A7 /* HackUTD_SpaceXLaunchesApp.swift */; };
		6CC9AEFD2CE2AC6000AFF7A7 /* LaunchesList.swift in Sources */ = {isa = PBXBuildFile; fileRef = 6CC9AEFC2CE2AC6000AFF7A7 /* LaunchesList.swift */; };
		6CC9AEFF2CE2AC6200AFF7A7 /* Assets.xcassets in Resources */ = {isa = PBXBuildFile; fileRef = 6CC9AEFE2CE2AC6200AFF7A7 /* Assets.xcassets */; };
		6CC9AF032CE2AC6200AFF7A7 /* Preview Assets.xcassets in Resources */ = {isa = PBXBuildFile; fileRef = 6CC9AF022CE2AC6200AFF7A7 /* Preview Assets.xcassets */; };
		6CC9AF0B2CE2AD2600AFF7A7 /* LaunchDetailView.swift in Sources */ = {isa = PBXBuildFile; fileRef = 6CC9AF0A2CE2AD2600AFF7A7 /* LaunchDetailView.swift */; };
		6CC9AF0E2CE2ADA600AFF7A7 /* Launch.swift in Sources */ = {isa = PBXBuildFile; fileRef = 6CC9AF0D2CE2ADA600AFF7A7 /* Launch.swift */; };
		6CC9AF112CE2ADE800AFF7A7 /* Date+toString.swift in Sources */ = {isa = PBXBuildFile; fileRef = 6CC9AF102CE2ADE800AFF7A7 /* Date+toString.swift */; };
/* End PBXBuildFile section */

/* Begin PBXFileReference section */
		6CC9AEF72CE2AC6000AFF7A7 /* HackUTD-SpaceXLaunches.app */ = {isa = PBXFileReference; explicitFileType = wrapper.application; includeInIndex = 0; path = "HackUTD-SpaceXLaunches.app"; sourceTree = BUILT_PRODUCTS_DIR; };
		6CC9AEFA2CE2AC6000AFF7A7 /* HackUTD_SpaceXLaunchesApp.swift */ = {isa = PBXFileReference; lastKnownFileType = sourcecode.swift; path = HackUTD_SpaceXLaunchesApp.swift; sourceTree = "<group>"; };
		6CC9AEFC2CE2AC6000AFF7A7 /* LaunchesList.swift */ = {isa = PBXFileReference; lastKnownFileType = sourcecode.swift; path = LaunchesList.swift; sourceTree = "<group>"; };
		6CC9AEFE2CE2AC6200AFF7A7 /* Assets.xcassets */ = {isa = PBXFileReference; lastKnownFileType = folder.assetcatalog; path = Assets.xcassets; sourceTree = "<group>"; };
		6CC9AF002CE2AC6200AFF7A7 /* HackUTD_SpaceXLaunches.entitlements */ = {isa = PBXFileReference; lastKnownFileType = text.plist.entitlements; path = HackUTD_SpaceXLaunches.entitlements; sourceTree = "<group>"; };
		6CC9AF022CE2AC6200AFF7A7 /* Preview Assets.xcassets */ = {isa = PBXFileReference; lastKnownFileType = folder.assetcatalog; path = "Preview Assets.xcassets"; sourceTree = "<group>"; };
		6CC9AF0A2CE2AD2600AFF7A7 /* LaunchDetailView.swift */ = {isa = PBXFileReference; lastKnownFileType = sourcecode.swift; path = LaunchDetailView.swift; sourceTree = "<group>"; };
		6CC9AF0D2CE2ADA600AFF7A7 /* Launch.swift */ = {isa = PBXFileReference; lastKnownFileType = sourcecode.swift; path = Launch.swift; sourceTree = "<group>"; };
		6CC9AF102CE2ADE800AFF7A7 /* Date+toString.swift */ = {isa = PBXFileReference; lastKnownFileType = sourcecode.swift; path = "Date+toString.swift"; sourceTree = "<group>"; };
/* End PBXFileReference section */

/* Begin PBXFrameworksBuildPhase section */
		6CC9AEF42CE2AC6000AFF7A7 /* Frameworks */ = {
			isa = PBXFrameworksBuildPhase;
			buildActionMask = 2147483647;
			files = (
			);
			runOnlyForDeploymentPostprocessing = 0;
		};
/* End PBXFrameworksBuildPhase section */

/* Begin PBXGroup section */
		6CC9AEEE2CE2AC6000AFF7A7 = {
			isa = PBXGroup;
			children = (
				6CC9AEF92CE2AC6000AFF7A7 /* HackUTD-SpaceXLaunches */,
				6CC9AEF82CE2AC6000AFF7A7 /* Products */,
			);
			sourceTree = "<group>";
		};
		6CC9AEF82CE2AC6000AFF7A7 /* Products */ = {
			isa = PBXGroup;
			children = (
				6CC9AEF72CE2AC6000AFF7A7 /* HackUTD-SpaceXLaunches.app */,
			);
			name = Products;
			sourceTree = "<group>";
		};
		6CC9AEF92CE2AC6000AFF7A7 /* HackUTD-SpaceXLaunches */ = {
			isa = PBXGroup;
			children = (
				6CC9AEFA2CE2AC6000AFF7A7 /* HackUTD_SpaceXLaunchesApp.swift */,
				6CC9AF092CE2AD1800AFF7A7 /* Views */,
				6CC9AF0C2CE2AD9F00AFF7A7 /* Models */,
				6CC9AF0F2CE2ADC100AFF7A7 /* Utilities */,
				6CC9AEFE2CE2AC6200AFF7A7 /* Assets.xcassets */,
				6CC9AF002CE2AC6200AFF7A7 /* HackUTD_SpaceXLaunches.entitlements */,
				6CC9AF012CE2AC6200AFF7A7 /* Preview Content */,
			);
			path = "HackUTD-SpaceXLaunches";
			sourceTree = "<group>";
		};
		6CC9AF012CE2AC6200AFF7A7 /* Preview Content */ = {
			isa = PBXGroup;
			children = (
				6CC9AF022CE2AC6200AFF7A7 /* Preview Assets.xcassets */,
			);
			path = "Preview Content";
			sourceTree = "<group>";
		};
		6CC9AF092CE2AD1800AFF7A7 /* Views */ = {
			isa = PBXGroup;
			children = (
				6CC9AEFC2CE2AC6000AFF7A7 /* LaunchesList.swift */,
				6CC9AF0A2CE2AD2600AFF7A7 /* LaunchDetailView.swift */,
			);
			path = Views;
			sourceTree = "<group>";
		};
		6CC9AF0C2CE2AD9F00AFF7A7 /* Models */ = {
			isa = PBXGroup;
			children = (
				6CC9AF0D2CE2ADA600AFF7A7 /* Launch.swift */,
			);
			path = Models;
			sourceTree = "<group>";
		};
		6CC9AF0F2CE2ADC100AFF7A7 /* Utilities */ = {
			isa = PBXGroup;
			children = (
				6CC9AF102CE2ADE800AFF7A7 /* Date+toString.swift */,
			);
			path = Utilities;
			sourceTree = "<group>";
		};
/* End PBXGroup section */

/* Begin PBXNativeTarget section */
		6CC9AEF62CE2AC6000AFF7A7 /* HackUTD-SpaceXLaunches */ = {
			isa = PBXNativeTarget;
			buildConfigurationList = 6CC9AF062CE2AC6200AFF7A7 /* Build configuration list for PBXNativeTarget "HackUTD-SpaceXLaunches" */;
			buildPhases = (
				6CC9AEF32CE2AC6000AFF7A7 /* Sources */,
				6CC9AEF42CE2AC6000AFF7A7 /* Frameworks */,
				6CC9AEF52CE2AC6000AFF7A7 /* Resources */,
			);
			buildRules = (
			);
			dependencies = (
			);
			name = "HackUTD-SpaceXLaunches";
			productName = "HackUTD-SpaceXLaunches";
			productReference = 6CC9AEF72CE2AC6000AFF7A7 /* HackUTD-SpaceXLaunches.app */;
			productType = "com.apple.product-type.application";
		};
/* End PBXNativeTarget section */

/* Begin PBXProject section */
		6CC9AEEF2CE2AC6000AFF7A7 /* Project object */ = {
			isa = PBXProject;
			attributes = {
				BuildIndependentTargetsInParallel = 1;
				LastSwiftUpdateCheck = 1530;
				LastUpgradeCheck = 1530;
				TargetAttributes = {
					6CC9AEF62CE2AC6000AFF7A7 = {
						CreatedOnToolsVersion = 15.3;
					};
				};
			};
			buildConfigurationList = 6CC9AEF22CE2AC6000AFF7A7 /* Build configuration list for PBXProject "HackUTD-SpaceXLaunches" */;
			compatibilityVersion = "Xcode 14.0";
			developmentRegion = en;
			hasScannedForEncodings = 0;
			knownRegions = (
				en,
				Base,
			);
			mainGroup = 6CC9AEEE2CE2AC6000AFF7A7;
			productRefGroup = 6CC9AEF82CE2AC6000AFF7A7 /* Products */;
			projectDirPath = "";
			projectRoot = "";
			targets = (
				6CC9AEF62CE2AC6000AFF7A7 /* HackUTD-SpaceXLaunches */,
			);
		};
/* End PBXProject section */

/* Begin PBXResourcesBuildPhase section */
		6CC9AEF52CE2AC6000AFF7A7 /* Resources */ = {
			isa = PBXResourcesBuildPhase;
			buildActionMask = 2147483647;
			files = (
				6CC9AF032CE2AC6200AFF7A7 /* Preview Assets.xcassets in Resources */,
				6CC9AEFF2CE2AC6200AFF7A7 /* Assets.xcassets in Resources */,
			);
			runOnlyForDeploymentPostprocessing = 0;
		};
/* End PBXResourcesBuildPhase section */

/* Begin PBXSourcesBuildPhase section */
		6CC9AEF32CE2AC6000AFF7A7 /* Sources */ = {
			isa = PBXSourcesBuildPhase;
			buildActionMask = 2147483647;
			files = (
				6CC9AF112CE2ADE800AFF7A7 /* Date+toString.swift in Sources */,
				6CC9AF0B2CE2AD2600AFF7A7 /* LaunchDetailView.swift in Sources */,
				6CC9AEFD2CE2AC6000AFF7A7 /* LaunchesList.swift in Sources */,
				6CC9AF0E2CE2ADA600AFF7A7 /* Launch.swift in Sources */,
				6CC9AEFB2CE2AC6000AFF7A7 /* HackUTD_SpaceXLaunchesApp.swift in Sources */,
			);
			runOnlyForDeploymentPostprocessing = 0;
		};
/* End PBXSourcesBuildPhase section */

/* Begin XCBuildConfiguration section */
		6CC9AF042CE2AC6200AFF7A7 /* Debug */ = {
			isa = XCBuildConfiguration;
			buildSettings = {
				ALWAYS_SEARCH_USER_PATHS = NO;
				ASSETCATALOG_COMPILER_GENERATE_SWIFT_ASSET_SYMBOL_EXTENSIONS = YES;
				CLANG_ANALYZER_NONNULL = YES;
				CLANG_ANALYZER_NUMBER_OBJECT_CONVERSION = YES_AGGRESSIVE;
				CLANG_CXX_LANGUAGE_STANDARD = "gnu++20";
				CLANG_ENABLE_MODULES = YES;
				CLANG_ENABLE_OBJC_ARC = YES;
				CLANG_ENABLE_OBJC_WEAK = YES;
				CLANG_WARN_BLOCK_CAPTURE_AUTORELEASING = YES;
				CLANG_WARN_BOOL_CONVERSION = YES;
				CLANG_WARN_COMMA = YES;
				CLANG_WARN_CONSTANT_CONVERSION = YES;
				CLANG_WARN_DEPRECATED_OBJC_IMPLEMENTATIONS = YES;
				CLANG_WARN_DIRECT_OBJC_ISA_USAGE = YES_ERROR;
				CLANG_WARN_DOCUMENTATION_COMMENTS = YES;
				CLANG_WARN_EMPTY_BODY = YES;
				CLANG_WARN_ENUM_CONVERSION = YES;
				CLANG_WARN_INFINITE_RECURSION = YES;
				CLANG_WARN_INT_CONVERSION = YES;
				CLANG_WARN_NON_LITERAL_NULL_CONVERSION = YES;
				CLANG_WARN_OBJC_IMPLICIT_RETAIN_SELF = YES;
				CLANG_WARN_OBJC_LITERAL_CONVERSION = YES;
				CLANG_WARN_OBJC_ROOT_CLASS = YES_ERROR;
				CLANG_WARN_QUOTED_INCLUDE_IN_FRAMEWORK_HEADER = YES;
				CLANG_WARN_RANGE_LOOP_ANALYSIS = YES;
				CLANG_WARN_STRICT_PROTOTYPES = YES;
				CLANG_WARN_SUSPICIOUS_MOVE = YES;
				CLANG_WARN_UNGUARDED_AVAILABILITY = YES_AGGRESSIVE;
				CLANG_WARN_UNREACHABLE_CODE = YES;
				CLANG_WARN__DUPLICATE_METHOD_MATCH = YES;
				COPY_PHASE_STRIP = NO;
				DEBUG_INFORMATION_FORMAT = dwarf;
				ENABLE_STRICT_OBJC_MSGSEND = YES;
				ENABLE_TESTABILITY = YES;
				ENABLE_USER_SCRIPT_SANDBOXING = YES;
				GCC_C_LANGUAGE_STANDARD = gnu17;
				GCC_DYNAMIC_NO_PIC = NO;
				GCC_NO_COMMON_BLOCKS = YES;
				GCC_OPTIMIZATION_LEVEL = 0;
				GCC_PREPROCESSOR_DEFINITIONS = (
					"DEBUG=1",
					"$(inherited)",
				);
				GCC_WARN_64_TO_32_BIT_CONVERSION = YES;
				GCC_WARN_ABOUT_RETURN_TYPE = YES_ERROR;
				GCC_WARN_UNDECLARED_SELECTOR = YES;
				GCC_WARN_UNINITIALIZED_AUTOS = YES_AGGRESSIVE;
				GCC_WARN_UNUSED_FUNCTION = YES;
				GCC_WARN_UNUSED_VARIABLE = YES;
				LOCALIZATION_PREFERS_STRING_CATALOGS = YES;
				MTL_ENABLE_DEBUG_INFO = INCLUDE_SOURCE;
				MTL_FAST_MATH = YES;
				ONLY_ACTIVE_ARCH = YES;
				SWIFT_ACTIVE_COMPILATION_CONDITIONS = "DEBUG $(inherited)";
				SWIFT_OPTIMIZATION_LEVEL = "-Onone";
			};
			name = Debug;
		};
		6CC9AF052CE2AC6200AFF7A7 /* Release */ = {
			isa = XCBuildConfiguration;
			buildSettings = {
				ALWAYS_SEARCH_USER_PATHS = NO;
				ASSETCATALOG_COMPILER_GENERATE_SWIFT_ASSET_SYMBOL_EXTENSIONS = YES;
				CLANG_ANALYZER_NONNULL = YES;
				CLANG_ANALYZER_NUMBER_OBJECT_CONVERSION = YES_AGGRESSIVE;
				CLANG_CXX_LANGUAGE_STANDARD = "gnu++20";
				CLANG_ENABLE_MODULES = YES;
				CLANG_ENABLE_OBJC_ARC = YES;
				CLANG_ENABLE_OBJC_WEAK = YES;
				CLANG_WARN_BLOCK_CAPTURE_AUTORELEASING = YES;
				CLANG_WARN_BOOL_CONVERSION = YES;
				CLANG_WARN_COMMA = YES;
				CLANG_WARN_CONSTANT_CONVERSION = YES;
				CLANG_WARN_DEPRECATED_OBJC_IMPLEMENTATIONS = YES;
				CLANG_WARN_DIRECT_OBJC_ISA_USAGE = YES_ERROR;
				CLANG_WARN_DOCUMENTATION_COMMENTS = YES;
				CLANG_WARN_EMPTY_BODY = YES;
				CLANG_WARN_ENUM_CONVERSION = YES;
				CLANG_WARN_INFINITE_RECURSION = YES;
				CLANG_WARN_INT_CONVERSION = YES;
				CLANG_WARN_NON_LITERAL_NULL_CONVERSION = YES;
				CLANG_WARN_OBJC_IMPLICIT_RETAIN_SELF = YES;
				CLANG_WARN_OBJC_LITERAL_CONVERSION = YES;
				CLANG_WARN_OBJC_ROOT_CLASS = YES_ERROR;
				CLANG_WARN_QUOTED_INCLUDE_IN_FRAMEWORK_HEADER = YES;
				CLANG_WARN_RANGE_LOOP_ANALYSIS = YES;
				CLANG_WARN_STRICT_PROTOTYPES = YES;
				CLANG_WARN_SUSPICIOUS_MOVE = YES;
				CLANG_WARN_UNGUARDED_AVAILABILITY = YES_AGGRESSIVE;
				CLANG_WARN_UNREACHABLE_CODE = YES;
				CLANG_WARN__DUPLICATE_METHOD_MATCH = YES;
				COPY_PHASE_STRIP = NO;
				DEBUG_INFORMATION_FORMAT = "dwarf-with-dsym";
				ENABLE_NS_ASSERTIONS = NO;
				ENABLE_STRICT_OBJC_MSGSEND = YES;
				ENABLE_USER_SCRIPT_SANDBOXING = YES;
				GCC_C_LANGUAGE_STANDARD = gnu17;
				GCC_NO_COMMON_BLOCKS = YES;
				GCC_WARN_64_TO_32_BIT_CONVERSION = YES;
				GCC_WARN_ABOUT_RETURN_TYPE = YES_ERROR;
				GCC_WARN_UNDECLARED_SELECTOR = YES;
				GCC_WARN_UNINITIALIZED_AUTOS = YES_AGGRESSIVE;
				GCC_WARN_UNUSED_FUNCTION = YES;
				GCC_WARN_UNUSED_VARIABLE = YES;
				LOCALIZATION_PREFERS_STRING_CATALOGS = YES;
				MTL_ENABLE_DEBUG_INFO = NO;
				MTL_FAST_MATH = YES;
				SWIFT_COMPILATION_MODE = wholemodule;
			};
			name = Release;
		};
		6CC9AF072CE2AC6200AFF7A7 /* Debug */ = {
			isa = XCBuildConfiguration;
			buildSettings = {
				ASSETCATALOG_COMPILER_APPICON_NAME = AppIcon;
				ASSETCATALOG_COMPILER_GLOBAL_ACCENT_COLOR_NAME = AccentColor;
				CODE_SIGN_ENTITLEMENTS = "HackUTD-SpaceXLaunches/HackUTD_SpaceXLaunches.entitlements";
				CODE_SIGN_STYLE = Automatic;
				CURRENT_PROJECT_VERSION = 1;
				DEVELOPMENT_ASSET_PATHS = "\"HackUTD-SpaceXLaunches/Preview Content\"";
				DEVELOPMENT_TEAM = UYD72FG47W;
				ENABLE_HARDENED_RUNTIME = YES;
				ENABLE_PREVIEWS = YES;
				GENERATE_INFOPLIST_FILE = YES;
				INFOPLIST_KEY_CFBundleDisplayName = "Launch X";
				"INFOPLIST_KEY_UIApplicationSceneManifest_Generation[sdk=iphoneos*]" = YES;
				"INFOPLIST_KEY_UIApplicationSceneManifest_Generation[sdk=iphonesimulator*]" = YES;
				"INFOPLIST_KEY_UIApplicationSupportsIndirectInputEvents[sdk=iphoneos*]" = YES;
				"INFOPLIST_KEY_UIApplicationSupportsIndirectInputEvents[sdk=iphonesimulator*]" = YES;
				"INFOPLIST_KEY_UILaunchScreen_Generation[sdk=iphoneos*]" = YES;
				"INFOPLIST_KEY_UILaunchScreen_Generation[sdk=iphonesimulator*]" = YES;
				"INFOPLIST_KEY_UIStatusBarStyle[sdk=iphoneos*]" = UIStatusBarStyleDefault;
				"INFOPLIST_KEY_UIStatusBarStyle[sdk=iphonesimulator*]" = UIStatusBarStyleDefault;
				INFOPLIST_KEY_UISupportedInterfaceOrientations_iPad = "UIInterfaceOrientationPortrait UIInterfaceOrientationPortraitUpsideDown UIInterfaceOrientationLandscapeLeft UIInterfaceOrientationLandscapeRight";
				INFOPLIST_KEY_UISupportedInterfaceOrientations_iPhone = "UIInterfaceOrientationPortrait UIInterfaceOrientationLandscapeLeft UIInterfaceOrientationLandscapeRight";
				IPHONEOS_DEPLOYMENT_TARGET = 17.4;
				LD_RUNPATH_SEARCH_PATHS = "@executable_path/Frameworks";
				"LD_RUNPATH_SEARCH_PATHS[sdk=macosx*]" = "@executable_path/../Frameworks";
				MACOSX_DEPLOYMENT_TARGET = 14.4;
				MARKETING_VERSION = 1.0;
				PRODUCT_BUNDLE_IDENTIFIER = "com.rebytalized.HackUTD-SpaceXLaunches";
				PRODUCT_NAME = "$(TARGET_NAME)";
				SDKROOT = auto;
				SUPPORTED_PLATFORMS = "iphoneos iphonesimulator";
				SUPPORTS_MACCATALYST = NO;
				SWIFT_EMIT_LOC_STRINGS = YES;
				SWIFT_VERSION = 5.0;
				TARGETED_DEVICE_FAMILY = "1,2";
			};
			name = Debug;
		};
		6CC9AF082CE2AC6200AFF7A7 /* Release */ = {
			isa = XCBuildConfiguration;
			buildSettings = {
				ASSETCATALOG_COMPILER_APPICON_NAME = AppIcon;
				ASSETCATALOG_COMPILER_GLOBAL_ACCENT_COLOR_NAME = AccentColor;
				CODE_SIGN_ENTITLEMENTS = "HackUTD-SpaceXLaunches/HackUTD_SpaceXLaunches.entitlements";
				CODE_SIGN_STYLE = Automatic;
				CURRENT_PROJECT_VERSION = 1;
				DEVELOPMENT_ASSET_PATHS = "\"HackUTD-SpaceXLaunches/Preview Content\"";
				DEVELOPMENT_TEAM = UYD72FG47W;
				ENABLE_HARDENED_RUNTIME = YES;
				ENABLE_PREVIEWS = YES;
				GENERATE_INFOPLIST_FILE = YES;
				INFOPLIST_KEY_CFBundleDisplayName = "Launch X";
				"INFOPLIST_KEY_UIApplicationSceneManifest_Generation[sdk=iphoneos*]" = YES;
				"INFOPLIST_KEY_UIApplicationSceneManifest_Generation[sdk=iphonesimulator*]" = YES;
				"INFOPLIST_KEY_UIApplicationSupportsIndirectInputEvents[sdk=iphoneos*]" = YES;
				"INFOPLIST_KEY_UIApplicationSupportsIndirectInputEvents[sdk=iphonesimulator*]" = YES;
				"INFOPLIST_KEY_UILaunchScreen_Generation[sdk=iphoneos*]" = YES;
				"INFOPLIST_KEY_UILaunchScreen_Generation[sdk=iphonesimulator*]" = YES;
				"INFOPLIST_KEY_UIStatusBarStyle[sdk=iphoneos*]" = UIStatusBarStyleDefault;
				"INFOPLIST_KEY_UIStatusBarStyle[sdk=iphonesimulator*]" = UIStatusBarStyleDefault;
				INFOPLIST_KEY_UISupportedInterfaceOrientations_iPad = "UIInterfaceOrientationPortrait UIInterfaceOrientationPortraitUpsideDown UIInterfaceOrientationLandscapeLeft UIInterfaceOrientationLandscapeRight";
				INFOPLIST_KEY_UISupportedInterfaceOrientations_iPhone = "UIInterfaceOrientationPortrait UIInterfaceOrientationLandscapeLeft UIInterfaceOrientationLandscapeRight";
				IPHONEOS_DEPLOYMENT_TARGET = 17.4;
				LD_RUNPATH_SEARCH_PATHS = "@executable_path/Frameworks";
				"LD_RUNPATH_SEARCH_PATHS[sdk=macosx*]" = "@executable_path/../Frameworks";
				MACOSX_DEPLOYMENT_TARGET = 14.4;
				MARKETING_VERSION = 1.0;
				PRODUCT_BUNDLE_IDENTIFIER = "com.rebytalized.HackUTD-SpaceXLaunches";
				PRODUCT_NAME = "$(TARGET_NAME)";
				SDKROOT = auto;
				SUPPORTED_PLATFORMS = "iphoneos iphonesimulator";
				SUPPORTS_MACCATALYST = NO;
				SWIFT_EMIT_LOC_STRINGS = YES;
				SWIFT_VERSION = 5.0;
				TARGETED_DEVICE_FAMILY = "1,2";
			};
			name = Release;
		};
/* End XCBuildConfiguration section */

/* Begin XCConfigurationList section */
		6CC9AEF22CE2AC6000AFF7A7 /* Build configuration list for PBXProject "HackUTD-SpaceXLaunches" */ = {
			isa = XCConfigurationList;
			buildConfigurations = (
				6CC9AF042CE2AC6200AFF7A7 /* Debug */,
				6CC9AF052CE2AC6200AFF7A7 /* Release */,
			);
			defaultConfigurationIsVisible = 0;
			defaultConfigurationName = Release;
		};
		6CC9AF062CE2AC6200AFF7A7 /* Build configuration list for PBXNativeTarget "HackUTD-SpaceXLaunches" */ = {
			isa = XCConfigurationList;
			buildConfigurations = (
				6CC9AF072CE2AC6200AFF7A7 /* Debug */,
				6CC9AF082CE2AC6200AFF7A7 /* Release */,
			);
			defaultConfigurationIsVisible = 0;
			defaultConfigurationName = Release;
		};
/* End XCConfigurationList section */
	};
	rootObject = 6CC9AEEF2CE2AC6000AFF7A7 /* Project object */;
}
